
Microsoft Visual Studio Solution File, Format Version 12.00
# Visual Studio Version 17
VisualStudioVersion = 17.5.33424.131
MinimumVisualStudioVersion = 10.0.40219.1
Project("{FAE04EC0-301F-11D3-BF4B-00C04F79EFBC}") = "guessgame", "guessgame\guessgame.csproj", "{E37223B8-51DF-4754-9F7E-5AE025876BDD}"
EndProject
Global
	GlobalSection(SolutionConfigurationPlatforms) = preSolution
		Debug|Any CPU = Debug|Any CPU
		Release|Any CPU = Release|Any CPU
	EndGlobalSection
	GlobalSection(ProjectConfigurationPlatforms) = postSolution
		{E37223B8-51DF-4754-9F7E-5AE025876BDD}.Debug|Any CPU.ActiveCfg = Debug|Any CPU
		{E37223B8-51DF-4754-9F7E-5AE025876BDD}.Debug|Any CPU.Build.0 = Debug|Any CPU
		{E37223B8-51DF-4754-9F7E-5AE025876BDD}.Release|Any CPU.ActiveCfg = Release|Any CPU
		{E37223B8-51DF-4754-9F7E-5AE025876BDD}.Release|Any CPU.Build.0 = Release|Any CPU
	EndGlobalSection
	GlobalSection(SolutionProperties) = preSolution
		HideSolutionNode = FALSE
	EndGlobalSection
	GlobalSection(ExtensibilityGlobals) = postSolution
		SolutionGuid = {9F4F6B0B-D7A3-4BEA-A07A-09DC4284972A}
	EndGlobalSection
EndGlobal
